
Microsoft Visual Studio Solution File, Format Version 12.00
# Visual Studio Version 17
VisualStudioVersion = 17.0.31903.59
MinimumVisualStudioVersion = 10.0.40219.1
Project("{2150E333-8FDC-42A3-9474-1A3956D46DE8}") = "src", "src", "{11111111-1111-1111-1111-111111111111}"
EndProject
Project("{2150E333-8FDC-42A3-9474-1A3956D46DE8}") = "tests", "tests", "{22222222-2222-2222-2222-222222222222}"
EndProject
Project("{2150E333-8FDC-42A3-9474-1A3956D46DE8}") = "tools", "tools", "{33333333-3333-3333-3333-333333333333}"
EndProject
Project("{FAE04EC0-301F-11D3-BF4B-00C04F79EFBC}") = "SmallMind.Abstractions", "src\SmallMind.Abstractions\SmallMind.Abstractions.csproj", "{A1111111-1111-1111-1111-111111111111}"
EndProject
Project("{FAE04EC0-301F-11D3-BF4B-00C04F79EFBC}") = "SmallMind.Core", "src\SmallMind.Core\SmallMind.Core.csproj", "{A2222222-2222-2222-2222-222222222222}"
EndProject
Project("{FAE04EC0-301F-11D3-BF4B-00C04F79EFBC}") = "SmallMind.Engine", "src\SmallMind.Engine\SmallMind.Engine.csproj", "{A3333333-3333-3333-3333-333333333333}"
EndProject
Project("{FAE04EC0-301F-11D3-BF4B-00C04F79EFBC}") = "SmallMind.Transformers", "src\SmallMind.Transformers\SmallMind.Transformers.csproj", "{A4444444-4444-4444-4444-444444444444}"
EndProject
Project("{FAE04EC0-301F-11D3-BF4B-00C04F79EFBC}") = "SmallMind.Tokenizers", "src\SmallMind.Tokenizers\SmallMind.Tokenizers.csproj", "{A5555555-5555-5555-5555-555555555555}"
EndProject
Project("{FAE04EC0-301F-11D3-BF4B-00C04F79EFBC}") = "SmallMind.Runtime", "src\SmallMind.Runtime\SmallMind.Runtime.csproj", "{A6666666-6666-6666-6666-666666666666}"
EndProject
Project("{FAE04EC0-301F-11D3-BF4B-00C04F79EFBC}") = "SmallMind.Console", "src\SmallMind.Console\SmallMind.Console.csproj", "{A8888888-8888-8888-8888-888888888888}"
EndProject
Project("{FAE04EC0-301F-11D3-BF4B-00C04F79EFBC}") = "SmallMind.Rag", "src\SmallMind.Rag\SmallMind.Rag.csproj", "{A9999999-9999-9999-9999-999999999999}"
EndProject
Project("{FAE04EC0-301F-11D3-BF4B-00C04F79EFBC}") = "SmallMind.ModelRegistry", "src\SmallMind.ModelRegistry\SmallMind.ModelRegistry.csproj", "{AAAAAAAA-AAAA-AAAA-AAAA-AAAAAAAAAAAA}"
EndProject
Project("{FAE04EC0-301F-11D3-BF4B-00C04F79EFBC}") = "SmallMind", "src\SmallMind\SmallMind.csproj", "{DD87C8E0-8088-CCF9-EC90-12EB83BB46D3}"
EndProject
Project("{FAE04EC0-301F-11D3-BF4B-00C04F79EFBC}") = "SmallMind.Quantization", "src\SmallMind.Quantization\SmallMind.Quantization.csproj", "{01520D01-F6C8-2A57-C68C-1257468D995A}"
EndProject
Project("{FAE04EC0-301F-11D3-BF4B-00C04F79EFBC}") = "SmallMind.Benchmarks", "src\SmallMind.Benchmarks\SmallMind.Benchmarks.csproj", "{415EACB7-E024-13F5-001C-3B167CBD3EF8}"
EndProject
Project("{FAE04EC0-301F-11D3-BF4B-00C04F79EFBC}") = "SmallMind.Tests", "tests\SmallMind.Tests\SmallMind.Tests.csproj", "{B1111111-1111-1111-1111-111111111111}"
EndProject
Project("{FAE04EC0-301F-11D3-BF4B-00C04F79EFBC}") = "SmallMind.IntegrationTests", "tests\SmallMind.IntegrationTests\SmallMind.IntegrationTests.csproj", "{B2222222-2222-2222-2222-222222222222}"
EndProject
Project("{FAE04EC0-301F-11D3-BF4B-00C04F79EFBC}") = "SmallMind.ModelRegistry.Tests", "tests\SmallMind.ModelRegistry.Tests\SmallMind.ModelRegistry.Tests.csproj", "{B3333333-3333-3333-3333-333333333333}"
EndProject
Project("{FAE04EC0-301F-11D3-BF4B-00C04F79EFBC}") = "SmallMind.PerfTests", "tests\SmallMind.PerfTests\SmallMind.PerfTests.csproj", "{B4444444-4444-4444-4444-444444444444}"
EndProject
Project("{FAE04EC0-301F-11D3-BF4B-00C04F79EFBC}") = "SmallMind.Quantization.Tests", "tests\SmallMind.Quantization.Tests\SmallMind.Quantization.Tests.csproj", "{B5555555-5555-5555-5555-555555555555}"
EndProject
Project("{FAE04EC0-301F-11D3-BF4B-00C04F79EFBC}") = "SmallMind.Server", "tools\SmallMind.Server\SmallMind.Server.csproj", "{C1111111-1111-1111-1111-111111111111}"
EndProject
Project("{FAE04EC0-301F-11D3-BF4B-00C04F79EFBC}") = "SmallMind.ValidationRunner", "src\SmallMind.ValidationRunner\SmallMind.ValidationRunner.csproj", "{677410E6-83C9-42FA-AD32-35BE64534CC2}"
EndProject
Project("{FAE04EC0-301F-11D3-BF4B-00C04F79EFBC}") = "SmallMind.Benchmarks.CpuComparison", "src\SmallMind.Benchmarks.CpuComparison\SmallMind.Benchmarks.CpuComparison.csproj", "{7653235D-2737-46C7-A89E-F4F052FB293C}"
EndProject
Project("{FAE04EC0-301F-11D3-BF4B-00C04F79EFBC}") = "SmallMind.Training", "src\SmallMind.Training\SmallMind.Training.csproj", "{485D2114-EBA0-46B3-883F-A82D6457B3DA}"
EndProject
Project("{2150E333-8FDC-42A3-9474-1A3956D46DE8}") = "examples", "examples", "{B36A84DF-456D-A817-6EDD-3EC3E7F6E11F}"
EndProject
Project("{FAE04EC0-301F-11D3-BF4B-00C04F79EFBC}") = "SmallMind.Rag.Cli", "examples\SmallMind.Rag.Cli\SmallMind.Rag.Cli.csproj", "{A30BA865-8F77-4FA9-B720-DD14A85983DF}"
EndProject
Project("{2150E333-8FDC-42A3-9474-1A3956D46DE8}") = "benchmarks", "benchmarks", "{44444444-4444-4444-4444-444444444444}"
EndProject
Project("{FAE04EC0-301F-11D3-BF4B-00C04F79EFBC}") = "SmallMind.Benchmarks", "benchmarks\SmallMind.Benchmarks\SmallMind.Benchmarks.csproj", "{D1111111-1111-1111-1111-111111111111}"
EndProject
Project("{2150E333-8FDC-42A3-9474-1A3956D46DE8}") = "bench", "bench", "{760AB15A-8938-8D9B-BEDE-5CE1484B84C3}"
EndProject
Project("{FAE04EC0-301F-11D3-BF4B-00C04F79EFBC}") = "SmallMind.Benchmarks.Core", "bench\SmallMind.Benchmarks.Core\SmallMind.Benchmarks.Core.csproj", "{A471599F-1F4F-4616-9979-9168076BACDD}"
EndProject
Project("{FAE04EC0-301F-11D3-BF4B-00C04F79EFBC}") = "SmallMind.Benchmarks", "bench\SmallMind.Benchmarks\SmallMind.Benchmarks.csproj", "{826CE0D6-3602-4472-9198-CB7F89038FFF}"
EndProject
Project("{FAE04EC0-301F-11D3-BF4B-00C04F79EFBC}") = "SmallMind.Benchmarks.Tests", "tests\SmallMind.Benchmarks.Tests\SmallMind.Benchmarks.Tests.csproj", "{F507B32B-1AE6-4EBE-944D-985DEB609FDC}"
EndProject
Global
	GlobalSection(SolutionConfigurationPlatforms) = preSolution
		Debug|Any CPU = Debug|Any CPU
		Debug|x64 = Debug|x64
		Debug|x86 = Debug|x86
		Release|Any CPU = Release|Any CPU
		Release|x64 = Release|x64
		Release|x86 = Release|x86
	EndGlobalSection
	GlobalSection(ProjectConfigurationPlatforms) = postSolution
		{A1111111-1111-1111-1111-111111111111}.Debug|Any CPU.ActiveCfg = Debug|Any CPU
		{A1111111-1111-1111-1111-111111111111}.Debug|Any CPU.Build.0 = Debug|Any CPU
		{A1111111-1111-1111-1111-111111111111}.Debug|x64.ActiveCfg = Debug|Any CPU
		{A1111111-1111-1111-1111-111111111111}.Debug|x64.Build.0 = Debug|Any CPU
		{A1111111-1111-1111-1111-111111111111}.Debug|x86.ActiveCfg = Debug|Any CPU
		{A1111111-1111-1111-1111-111111111111}.Debug|x86.Build.0 = Debug|Any CPU
		{A1111111-1111-1111-1111-111111111111}.Release|Any CPU.ActiveCfg = Release|Any CPU
		{A1111111-1111-1111-1111-111111111111}.Release|Any CPU.Build.0 = Release|Any CPU
		{A1111111-1111-1111-1111-111111111111}.Release|x64.ActiveCfg = Release|Any CPU
		{A1111111-1111-1111-1111-111111111111}.Release|x64.Build.0 = Release|Any CPU
		{A1111111-1111-1111-1111-111111111111}.Release|x86.ActiveCfg = Release|Any CPU
		{A1111111-1111-1111-1111-111111111111}.Release|x86.Build.0 = Release|Any CPU
		{A2222222-2222-2222-2222-222222222222}.Debug|Any CPU.ActiveCfg = Debug|Any CPU
		{A2222222-2222-2222-2222-222222222222}.Debug|Any CPU.Build.0 = Debug|Any CPU
		{A2222222-2222-2222-2222-222222222222}.Debug|x64.ActiveCfg = Debug|Any CPU
		{A2222222-2222-2222-2222-222222222222}.Debug|x64.Build.0 = Debug|Any CPU
		{A2222222-2222-2222-2222-222222222222}.Debug|x86.ActiveCfg = Debug|Any CPU
		{A2222222-2222-2222-2222-222222222222}.Debug|x86.Build.0 = Debug|Any CPU
		{A2222222-2222-2222-2222-222222222222}.Release|Any CPU.ActiveCfg = Release|Any CPU
		{A2222222-2222-2222-2222-222222222222}.Release|Any CPU.Build.0 = Release|Any CPU
		{A2222222-2222-2222-2222-222222222222}.Release|x64.ActiveCfg = Release|Any CPU
		{A2222222-2222-2222-2222-222222222222}.Release|x64.Build.0 = Release|Any CPU
		{A2222222-2222-2222-2222-222222222222}.Release|x86.ActiveCfg = Release|Any CPU
		{A2222222-2222-2222-2222-222222222222}.Release|x86.Build.0 = Release|Any CPU
		{A3333333-3333-3333-3333-333333333333}.Debug|Any CPU.ActiveCfg = Debug|Any CPU
		{A3333333-3333-3333-3333-333333333333}.Debug|Any CPU.Build.0 = Debug|Any CPU
		{A3333333-3333-3333-3333-333333333333}.Debug|x64.ActiveCfg = Debug|Any CPU
		{A3333333-3333-3333-3333-333333333333}.Debug|x64.Build.0 = Debug|Any CPU
		{A3333333-3333-3333-3333-333333333333}.Debug|x86.ActiveCfg = Debug|Any CPU
		{A3333333-3333-3333-3333-333333333333}.Debug|x86.Build.0 = Debug|Any CPU
		{A3333333-3333-3333-3333-333333333333}.Release|Any CPU.ActiveCfg = Release|Any CPU
		{A3333333-3333-3333-3333-333333333333}.Release|Any CPU.Build.0 = Release|Any CPU
		{A3333333-3333-3333-3333-333333333333}.Release|x64.ActiveCfg = Release|Any CPU
		{A3333333-3333-3333-3333-333333333333}.Release|x64.Build.0 = Release|Any CPU
		{A3333333-3333-3333-3333-333333333333}.Release|x86.ActiveCfg = Release|Any CPU
		{A3333333-3333-3333-3333-333333333333}.Release|x86.Build.0 = Release|Any CPU
		{A4444444-4444-4444-4444-444444444444}.Debug|Any CPU.ActiveCfg = Debug|Any CPU
		{A4444444-4444-4444-4444-444444444444}.Debug|Any CPU.Build.0 = Debug|Any CPU
		{A4444444-4444-4444-4444-444444444444}.Debug|x64.ActiveCfg = Debug|Any CPU
		{A4444444-4444-4444-4444-444444444444}.Debug|x64.Build.0 = Debug|Any CPU
		{A4444444-4444-4444-4444-444444444444}.Debug|x86.ActiveCfg = Debug|Any CPU
		{A4444444-4444-4444-4444-444444444444}.Debug|x86.Build.0 = Debug|Any CPU
		{A4444444-4444-4444-4444-444444444444}.Release|Any CPU.ActiveCfg = Release|Any CPU
		{A4444444-4444-4444-4444-444444444444}.Release|Any CPU.Build.0 = Release|Any CPU
		{A4444444-4444-4444-4444-444444444444}.Release|x64.ActiveCfg = Release|Any CPU
		{A4444444-4444-4444-4444-444444444444}.Release|x64.Build.0 = Release|Any CPU
		{A4444444-4444-4444-4444-444444444444}.Release|x86.ActiveCfg = Release|Any CPU
		{A4444444-4444-4444-4444-444444444444}.Release|x86.Build.0 = Release|Any CPU
		{A5555555-5555-5555-5555-555555555555}.Debug|Any CPU.ActiveCfg = Debug|Any CPU
		{A5555555-5555-5555-5555-555555555555}.Debug|Any CPU.Build.0 = Debug|Any CPU
		{A5555555-5555-5555-5555-555555555555}.Debug|x64.ActiveCfg = Debug|Any CPU
		{A5555555-5555-5555-5555-555555555555}.Debug|x64.Build.0 = Debug|Any CPU
		{A5555555-5555-5555-5555-555555555555}.Debug|x86.ActiveCfg = Debug|Any CPU
		{A5555555-5555-5555-5555-555555555555}.Debug|x86.Build.0 = Debug|Any CPU
		{A5555555-5555-5555-5555-555555555555}.Release|Any CPU.ActiveCfg = Release|Any CPU
		{A5555555-5555-5555-5555-555555555555}.Release|Any CPU.Build.0 = Release|Any CPU
		{A5555555-5555-5555-5555-555555555555}.Release|x64.ActiveCfg = Release|Any CPU
		{A5555555-5555-5555-5555-555555555555}.Release|x64.Build.0 = Release|Any CPU
		{A5555555-5555-5555-5555-555555555555}.Release|x86.ActiveCfg = Release|Any CPU
		{A5555555-5555-5555-5555-555555555555}.Release|x86.Build.0 = Release|Any CPU
		{A6666666-6666-6666-6666-666666666666}.Debug|Any CPU.ActiveCfg = Debug|Any CPU
		{A6666666-6666-6666-6666-666666666666}.Debug|Any CPU.Build.0 = Debug|Any CPU
		{A6666666-6666-6666-6666-666666666666}.Debug|x64.ActiveCfg = Debug|Any CPU
		{A6666666-6666-6666-6666-666666666666}.Debug|x64.Build.0 = Debug|Any CPU
		{A6666666-6666-6666-6666-666666666666}.Debug|x86.ActiveCfg = Debug|Any CPU
		{A6666666-6666-6666-6666-666666666666}.Debug|x86.Build.0 = Debug|Any CPU
		{A6666666-6666-6666-6666-666666666666}.Release|Any CPU.ActiveCfg = Release|Any CPU
		{A6666666-6666-6666-6666-666666666666}.Release|Any CPU.Build.0 = Release|Any CPU
		{A6666666-6666-6666-6666-666666666666}.Release|x64.ActiveCfg = Release|Any CPU
		{A6666666-6666-6666-6666-666666666666}.Release|x64.Build.0 = Release|Any CPU
		{A6666666-6666-6666-6666-666666666666}.Release|x86.ActiveCfg = Release|Any CPU
		{A6666666-6666-6666-6666-666666666666}.Release|x86.Build.0 = Release|Any CPU
		{A8888888-8888-8888-8888-888888888888}.Debug|Any CPU.ActiveCfg = Debug|Any CPU
		{A8888888-8888-8888-8888-888888888888}.Debug|Any CPU.Build.0 = Debug|Any CPU
		{A8888888-8888-8888-8888-888888888888}.Debug|x64.ActiveCfg = Debug|Any CPU
		{A8888888-8888-8888-8888-888888888888}.Debug|x64.Build.0 = Debug|Any CPU
		{A8888888-8888-8888-8888-888888888888}.Debug|x86.ActiveCfg = Debug|Any CPU
		{A8888888-8888-8888-8888-888888888888}.Debug|x86.Build.0 = Debug|Any CPU
		{A8888888-8888-8888-8888-888888888888}.Release|Any CPU.ActiveCfg = Release|Any CPU
		{A8888888-8888-8888-8888-888888888888}.Release|Any CPU.Build.0 = Release|Any CPU
		{A8888888-8888-8888-8888-888888888888}.Release|x64.ActiveCfg = Release|Any CPU
		{A8888888-8888-8888-8888-888888888888}.Release|x64.Build.0 = Release|Any CPU
		{A8888888-8888-8888-8888-888888888888}.Release|x86.ActiveCfg = Release|Any CPU
		{A8888888-8888-8888-8888-888888888888}.Release|x86.Build.0 = Release|Any CPU
		{A9999999-9999-9999-9999-999999999999}.Debug|Any CPU.ActiveCfg = Debug|Any CPU
		{A9999999-9999-9999-9999-999999999999}.Debug|Any CPU.Build.0 = Debug|Any CPU
		{A9999999-9999-9999-9999-999999999999}.Debug|x64.ActiveCfg = Debug|Any CPU
		{A9999999-9999-9999-9999-999999999999}.Debug|x64.Build.0 = Debug|Any CPU
		{A9999999-9999-9999-9999-999999999999}.Debug|x86.ActiveCfg = Debug|Any CPU
		{A9999999-9999-9999-9999-999999999999}.Debug|x86.Build.0 = Debug|Any CPU
		{A9999999-9999-9999-9999-999999999999}.Release|Any CPU.ActiveCfg = Release|Any CPU
		{A9999999-9999-9999-9999-999999999999}.Release|Any CPU.Build.0 = Release|Any CPU
		{A9999999-9999-9999-9999-999999999999}.Release|x64.ActiveCfg = Release|Any CPU
		{A9999999-9999-9999-9999-999999999999}.Release|x64.Build.0 = Release|Any CPU
		{A9999999-9999-9999-9999-999999999999}.Release|x86.ActiveCfg = Release|Any CPU
		{A9999999-9999-9999-9999-999999999999}.Release|x86.Build.0 = Release|Any CPU
		{AAAAAAAA-AAAA-AAAA-AAAA-AAAAAAAAAAAA}.Debug|Any CPU.ActiveCfg = Debug|Any CPU
		{AAAAAAAA-AAAA-AAAA-AAAA-AAAAAAAAAAAA}.Debug|Any CPU.Build.0 = Debug|Any CPU
		{AAAAAAAA-AAAA-AAAA-AAAA-AAAAAAAAAAAA}.Debug|x64.ActiveCfg = Debug|Any CPU
		{AAAAAAAA-AAAA-AAAA-AAAA-AAAAAAAAAAAA}.Debug|x64.Build.0 = Debug|Any CPU
		{AAAAAAAA-AAAA-AAAA-AAAA-AAAAAAAAAAAA}.Debug|x86.ActiveCfg = Debug|Any CPU
		{AAAAAAAA-AAAA-AAAA-AAAA-AAAAAAAAAAAA}.Debug|x86.Build.0 = Debug|Any CPU
		{AAAAAAAA-AAAA-AAAA-AAAA-AAAAAAAAAAAA}.Release|Any CPU.ActiveCfg = Release|Any CPU
		{AAAAAAAA-AAAA-AAAA-AAAA-AAAAAAAAAAAA}.Release|Any CPU.Build.0 = Release|Any CPU
		{AAAAAAAA-AAAA-AAAA-AAAA-AAAAAAAAAAAA}.Release|x64.ActiveCfg = Release|Any CPU
		{AAAAAAAA-AAAA-AAAA-AAAA-AAAAAAAAAAAA}.Release|x64.Build.0 = Release|Any CPU
		{AAAAAAAA-AAAA-AAAA-AAAA-AAAAAAAAAAAA}.Release|x86.ActiveCfg = Release|Any CPU
		{AAAAAAAA-AAAA-AAAA-AAAA-AAAAAAAAAAAA}.Release|x86.Build.0 = Release|Any CPU
		{DD87C8E0-8088-CCF9-EC90-12EB83BB46D3}.Debug|Any CPU.ActiveCfg = Debug|Any CPU
		{DD87C8E0-8088-CCF9-EC90-12EB83BB46D3}.Debug|Any CPU.Build.0 = Debug|Any CPU
		{DD87C8E0-8088-CCF9-EC90-12EB83BB46D3}.Debug|x64.ActiveCfg = Debug|Any CPU
		{DD87C8E0-8088-CCF9-EC90-12EB83BB46D3}.Debug|x64.Build.0 = Debug|Any CPU
		{DD87C8E0-8088-CCF9-EC90-12EB83BB46D3}.Debug|x86.ActiveCfg = Debug|Any CPU
		{DD87C8E0-8088-CCF9-EC90-12EB83BB46D3}.Debug|x86.Build.0 = Debug|Any CPU
		{DD87C8E0-8088-CCF9-EC90-12EB83BB46D3}.Release|Any CPU.ActiveCfg = Release|Any CPU
		{DD87C8E0-8088-CCF9-EC90-12EB83BB46D3}.Release|Any CPU.Build.0 = Release|Any CPU
		{DD87C8E0-8088-CCF9-EC90-12EB83BB46D3}.Release|x64.ActiveCfg = Release|Any CPU
		{DD87C8E0-8088-CCF9-EC90-12EB83BB46D3}.Release|x64.Build.0 = Release|Any CPU
		{DD87C8E0-8088-CCF9-EC90-12EB83BB46D3}.Release|x86.ActiveCfg = Release|Any CPU
		{DD87C8E0-8088-CCF9-EC90-12EB83BB46D3}.Release|x86.Build.0 = Release|Any CPU
		{01520D01-F6C8-2A57-C68C-1257468D995A}.Debug|Any CPU.ActiveCfg = Debug|Any CPU
		{01520D01-F6C8-2A57-C68C-1257468D995A}.Debug|Any CPU.Build.0 = Debug|Any CPU
		{01520D01-F6C8-2A57-C68C-1257468D995A}.Debug|x64.ActiveCfg = Debug|Any CPU
		{01520D01-F6C8-2A57-C68C-1257468D995A}.Debug|x64.Build.0 = Debug|Any CPU
		{01520D01-F6C8-2A57-C68C-1257468D995A}.Debug|x86.ActiveCfg = Debug|Any CPU
		{01520D01-F6C8-2A57-C68C-1257468D995A}.Debug|x86.Build.0 = Debug|Any CPU
		{01520D01-F6C8-2A57-C68C-1257468D995A}.Release|Any CPU.ActiveCfg = Release|Any CPU
		{01520D01-F6C8-2A57-C68C-1257468D995A}.Release|Any CPU.Build.0 = Release|Any CPU
		{01520D01-F6C8-2A57-C68C-1257468D995A}.Release|x64.ActiveCfg = Release|Any CPU
		{01520D01-F6C8-2A57-C68C-1257468D995A}.Release|x64.Build.0 = Release|Any CPU
		{01520D01-F6C8-2A57-C68C-1257468D995A}.Release|x86.ActiveCfg = Release|Any CPU
		{01520D01-F6C8-2A57-C68C-1257468D995A}.Release|x86.Build.0 = Release|Any CPU
		{415EACB7-E024-13F5-001C-3B167CBD3EF8}.Debug|Any CPU.ActiveCfg = Debug|Any CPU
		{415EACB7-E024-13F5-001C-3B167CBD3EF8}.Debug|Any CPU.Build.0 = Debug|Any CPU
		{415EACB7-E024-13F5-001C-3B167CBD3EF8}.Debug|x64.ActiveCfg = Debug|Any CPU
		{415EACB7-E024-13F5-001C-3B167CBD3EF8}.Debug|x64.Build.0 = Debug|Any CPU
		{415EACB7-E024-13F5-001C-3B167CBD3EF8}.Debug|x86.ActiveCfg = Debug|Any CPU
		{415EACB7-E024-13F5-001C-3B167CBD3EF8}.Debug|x86.Build.0 = Debug|Any CPU
		{415EACB7-E024-13F5-001C-3B167CBD3EF8}.Release|Any CPU.ActiveCfg = Release|Any CPU
		{415EACB7-E024-13F5-001C-3B167CBD3EF8}.Release|Any CPU.Build.0 = Release|Any CPU
		{415EACB7-E024-13F5-001C-3B167CBD3EF8}.Release|x64.ActiveCfg = Release|Any CPU
		{415EACB7-E024-13F5-001C-3B167CBD3EF8}.Release|x64.Build.0 = Release|Any CPU
		{415EACB7-E024-13F5-001C-3B167CBD3EF8}.Release|x86.ActiveCfg = Release|Any CPU
		{415EACB7-E024-13F5-001C-3B167CBD3EF8}.Release|x86.Build.0 = Release|Any CPU
		{B1111111-1111-1111-1111-111111111111}.Debug|Any CPU.ActiveCfg = Debug|Any CPU
		{B1111111-1111-1111-1111-111111111111}.Debug|Any CPU.Build.0 = Debug|Any CPU
		{B1111111-1111-1111-1111-111111111111}.Debug|x64.ActiveCfg = Debug|Any CPU
		{B1111111-1111-1111-1111-111111111111}.Debug|x64.Build.0 = Debug|Any CPU
		{B1111111-1111-1111-1111-111111111111}.Debug|x86.ActiveCfg = Debug|Any CPU
		{B1111111-1111-1111-1111-111111111111}.Debug|x86.Build.0 = Debug|Any CPU
		{B1111111-1111-1111-1111-111111111111}.Release|Any CPU.ActiveCfg = Release|Any CPU
		{B1111111-1111-1111-1111-111111111111}.Release|Any CPU.Build.0 = Release|Any CPU
		{B1111111-1111-1111-1111-111111111111}.Release|x64.ActiveCfg = Release|Any CPU
		{B1111111-1111-1111-1111-111111111111}.Release|x64.Build.0 = Release|Any CPU
		{B1111111-1111-1111-1111-111111111111}.Release|x86.ActiveCfg = Release|Any CPU
		{B1111111-1111-1111-1111-111111111111}.Release|x86.Build.0 = Release|Any CPU
		{B2222222-2222-2222-2222-222222222222}.Debug|Any CPU.ActiveCfg = Debug|Any CPU
		{B2222222-2222-2222-2222-222222222222}.Debug|Any CPU.Build.0 = Debug|Any CPU
		{B2222222-2222-2222-2222-222222222222}.Debug|x64.ActiveCfg = Debug|Any CPU
		{B2222222-2222-2222-2222-222222222222}.Debug|x64.Build.0 = Debug|Any CPU
		{B2222222-2222-2222-2222-222222222222}.Debug|x86.ActiveCfg = Debug|Any CPU
		{B2222222-2222-2222-2222-222222222222}.Debug|x86.Build.0 = Debug|Any CPU
		{B2222222-2222-2222-2222-222222222222}.Release|Any CPU.ActiveCfg = Release|Any CPU
		{B2222222-2222-2222-2222-222222222222}.Release|Any CPU.Build.0 = Release|Any CPU
		{B2222222-2222-2222-2222-222222222222}.Release|x64.ActiveCfg = Release|Any CPU
		{B2222222-2222-2222-2222-222222222222}.Release|x64.Build.0 = Release|Any CPU
		{B2222222-2222-2222-2222-222222222222}.Release|x86.ActiveCfg = Release|Any CPU
		{B2222222-2222-2222-2222-222222222222}.Release|x86.Build.0 = Release|Any CPU
		{B3333333-3333-3333-3333-333333333333}.Debug|Any CPU.ActiveCfg = Debug|Any CPU
		{B3333333-3333-3333-3333-333333333333}.Debug|Any CPU.Build.0 = Debug|Any CPU
		{B3333333-3333-3333-3333-333333333333}.Debug|x64.ActiveCfg = Debug|Any CPU
		{B3333333-3333-3333-3333-333333333333}.Debug|x64.Build.0 = Debug|Any CPU
		{B3333333-3333-3333-3333-333333333333}.Debug|x86.ActiveCfg = Debug|Any CPU
		{B3333333-3333-3333-3333-333333333333}.Debug|x86.Build.0 = Debug|Any CPU
		{B3333333-3333-3333-3333-333333333333}.Release|Any CPU.ActiveCfg = Release|Any CPU
		{B3333333-3333-3333-3333-333333333333}.Release|Any CPU.Build.0 = Release|Any CPU
		{B3333333-3333-3333-3333-333333333333}.Release|x64.ActiveCfg = Release|Any CPU
		{B3333333-3333-3333-3333-333333333333}.Release|x64.Build.0 = Release|Any CPU
		{B3333333-3333-3333-3333-333333333333}.Release|x86.ActiveCfg = Release|Any CPU
		{B3333333-3333-3333-3333-333333333333}.Release|x86.Build.0 = Release|Any CPU
		{B4444444-4444-4444-4444-444444444444}.Debug|Any CPU.ActiveCfg = Debug|Any CPU
		{B4444444-4444-4444-4444-444444444444}.Debug|Any CPU.Build.0 = Debug|Any CPU
		{B4444444-4444-4444-4444-444444444444}.Debug|x64.ActiveCfg = Debug|Any CPU
		{B4444444-4444-4444-4444-444444444444}.Debug|x64.Build.0 = Debug|Any CPU
		{B4444444-4444-4444-4444-444444444444}.Debug|x86.ActiveCfg = Debug|Any CPU
		{B4444444-4444-4444-4444-444444444444}.Debug|x86.Build.0 = Debug|Any CPU
		{B4444444-4444-4444-4444-444444444444}.Release|Any CPU.ActiveCfg = Release|Any CPU
		{B4444444-4444-4444-4444-444444444444}.Release|Any CPU.Build.0 = Release|Any CPU
		{B4444444-4444-4444-4444-444444444444}.Release|x64.ActiveCfg = Release|Any CPU
		{B4444444-4444-4444-4444-444444444444}.Release|x64.Build.0 = Release|Any CPU
		{B4444444-4444-4444-4444-444444444444}.Release|x86.ActiveCfg = Release|Any CPU
		{B4444444-4444-4444-4444-444444444444}.Release|x86.Build.0 = Release|Any CPU
		{B5555555-5555-5555-5555-555555555555}.Debug|Any CPU.ActiveCfg = Debug|Any CPU
		{B5555555-5555-5555-5555-555555555555}.Debug|Any CPU.Build.0 = Debug|Any CPU
		{B5555555-5555-5555-5555-555555555555}.Debug|x64.ActiveCfg = Debug|Any CPU
		{B5555555-5555-5555-5555-555555555555}.Debug|x64.Build.0 = Debug|Any CPU
		{B5555555-5555-5555-5555-555555555555}.Debug|x86.ActiveCfg = Debug|Any CPU
		{B5555555-5555-5555-5555-555555555555}.Debug|x86.Build.0 = Debug|Any CPU
		{B5555555-5555-5555-5555-555555555555}.Release|Any CPU.ActiveCfg = Release|Any CPU
		{B5555555-5555-5555-5555-555555555555}.Release|Any CPU.Build.0 = Release|Any CPU
		{B5555555-5555-5555-5555-555555555555}.Release|x64.ActiveCfg = Release|Any CPU
		{B5555555-5555-5555-5555-555555555555}.Release|x64.Build.0 = Release|Any CPU
		{B5555555-5555-5555-5555-555555555555}.Release|x86.ActiveCfg = Release|Any CPU
		{B5555555-5555-5555-5555-555555555555}.Release|x86.Build.0 = Release|Any CPU
		{C1111111-1111-1111-1111-111111111111}.Debug|Any CPU.ActiveCfg = Debug|Any CPU
		{C1111111-1111-1111-1111-111111111111}.Debug|Any CPU.Build.0 = Debug|Any CPU
		{C1111111-1111-1111-1111-111111111111}.Debug|x64.ActiveCfg = Debug|Any CPU
		{C1111111-1111-1111-1111-111111111111}.Debug|x64.Build.0 = Debug|Any CPU
		{C1111111-1111-1111-1111-111111111111}.Debug|x86.ActiveCfg = Debug|Any CPU
		{C1111111-1111-1111-1111-111111111111}.Debug|x86.Build.0 = Debug|Any CPU
		{C1111111-1111-1111-1111-111111111111}.Release|Any CPU.ActiveCfg = Release|Any CPU
		{C1111111-1111-1111-1111-111111111111}.Release|Any CPU.Build.0 = Release|Any CPU
		{C1111111-1111-1111-1111-111111111111}.Release|x64.ActiveCfg = Release|Any CPU
		{C1111111-1111-1111-1111-111111111111}.Release|x64.Build.0 = Release|Any CPU
		{C1111111-1111-1111-1111-111111111111}.Release|x86.ActiveCfg = Release|Any CPU
		{C1111111-1111-1111-1111-111111111111}.Release|x86.Build.0 = Release|Any CPU
		{677410E6-83C9-42FA-AD32-35BE64534CC2}.Debug|Any CPU.ActiveCfg = Debug|Any CPU
		{677410E6-83C9-42FA-AD32-35BE64534CC2}.Debug|Any CPU.Build.0 = Debug|Any CPU
		{677410E6-83C9-42FA-AD32-35BE64534CC2}.Debug|x64.ActiveCfg = Debug|Any CPU
		{677410E6-83C9-42FA-AD32-35BE64534CC2}.Debug|x64.Build.0 = Debug|Any CPU
		{677410E6-83C9-42FA-AD32-35BE64534CC2}.Debug|x86.ActiveCfg = Debug|Any CPU
		{677410E6-83C9-42FA-AD32-35BE64534CC2}.Debug|x86.Build.0 = Debug|Any CPU
		{677410E6-83C9-42FA-AD32-35BE64534CC2}.Release|Any CPU.ActiveCfg = Release|Any CPU
		{677410E6-83C9-42FA-AD32-35BE64534CC2}.Release|Any CPU.Build.0 = Release|Any CPU
		{677410E6-83C9-42FA-AD32-35BE64534CC2}.Release|x64.ActiveCfg = Release|Any CPU
		{677410E6-83C9-42FA-AD32-35BE64534CC2}.Release|x64.Build.0 = Release|Any CPU
		{677410E6-83C9-42FA-AD32-35BE64534CC2}.Release|x86.ActiveCfg = Release|Any CPU
		{677410E6-83C9-42FA-AD32-35BE64534CC2}.Release|x86.Build.0 = Release|Any CPU
		{7653235D-2737-46C7-A89E-F4F052FB293C}.Debug|Any CPU.ActiveCfg = Debug|Any CPU
		{7653235D-2737-46C7-A89E-F4F052FB293C}.Debug|Any CPU.Build.0 = Debug|Any CPU
		{7653235D-2737-46C7-A89E-F4F052FB293C}.Debug|x64.ActiveCfg = Debug|Any CPU
		{7653235D-2737-46C7-A89E-F4F052FB293C}.Debug|x64.Build.0 = Debug|Any CPU
		{7653235D-2737-46C7-A89E-F4F052FB293C}.Debug|x86.ActiveCfg = Debug|Any CPU
		{7653235D-2737-46C7-A89E-F4F052FB293C}.Debug|x86.Build.0 = Debug|Any CPU
		{7653235D-2737-46C7-A89E-F4F052FB293C}.Release|Any CPU.ActiveCfg = Release|Any CPU
		{7653235D-2737-46C7-A89E-F4F052FB293C}.Release|Any CPU.Build.0 = Release|Any CPU
		{7653235D-2737-46C7-A89E-F4F052FB293C}.Release|x64.ActiveCfg = Release|Any CPU
		{7653235D-2737-46C7-A89E-F4F052FB293C}.Release|x64.Build.0 = Release|Any CPU
		{7653235D-2737-46C7-A89E-F4F052FB293C}.Release|x86.ActiveCfg = Release|Any CPU
		{7653235D-2737-46C7-A89E-F4F052FB293C}.Release|x86.Build.0 = Release|Any CPU
		{485D2114-EBA0-46B3-883F-A82D6457B3DA}.Debug|Any CPU.ActiveCfg = Debug|Any CPU
		{485D2114-EBA0-46B3-883F-A82D6457B3DA}.Debug|Any CPU.Build.0 = Debug|Any CPU
		{485D2114-EBA0-46B3-883F-A82D6457B3DA}.Debug|x64.ActiveCfg = Debug|Any CPU
		{485D2114-EBA0-46B3-883F-A82D6457B3DA}.Debug|x64.Build.0 = Debug|Any CPU
		{485D2114-EBA0-46B3-883F-A82D6457B3DA}.Debug|x86.ActiveCfg = Debug|Any CPU
		{485D2114-EBA0-46B3-883F-A82D6457B3DA}.Debug|x86.Build.0 = Debug|Any CPU
		{485D2114-EBA0-46B3-883F-A82D6457B3DA}.Release|Any CPU.ActiveCfg = Release|Any CPU
		{485D2114-EBA0-46B3-883F-A82D6457B3DA}.Release|Any CPU.Build.0 = Release|Any CPU
		{485D2114-EBA0-46B3-883F-A82D6457B3DA}.Release|x64.ActiveCfg = Release|Any CPU
		{485D2114-EBA0-46B3-883F-A82D6457B3DA}.Release|x64.Build.0 = Release|Any CPU
		{485D2114-EBA0-46B3-883F-A82D6457B3DA}.Release|x86.ActiveCfg = Release|Any CPU
		{485D2114-EBA0-46B3-883F-A82D6457B3DA}.Release|x86.Build.0 = Release|Any CPU
		{A30BA865-8F77-4FA9-B720-DD14A85983DF}.Debug|Any CPU.ActiveCfg = Debug|Any CPU
		{A30BA865-8F77-4FA9-B720-DD14A85983DF}.Debug|Any CPU.Build.0 = Debug|Any CPU
		{A30BA865-8F77-4FA9-B720-DD14A85983DF}.Debug|x64.ActiveCfg = Debug|Any CPU
		{A30BA865-8F77-4FA9-B720-DD14A85983DF}.Debug|x64.Build.0 = Debug|Any CPU
		{A30BA865-8F77-4FA9-B720-DD14A85983DF}.Debug|x86.ActiveCfg = Debug|Any CPU
		{A30BA865-8F77-4FA9-B720-DD14A85983DF}.Debug|x86.Build.0 = Debug|Any CPU
		{A30BA865-8F77-4FA9-B720-DD14A85983DF}.Release|Any CPU.ActiveCfg = Release|Any CPU
		{A30BA865-8F77-4FA9-B720-DD14A85983DF}.Release|Any CPU.Build.0 = Release|Any CPU
		{A30BA865-8F77-4FA9-B720-DD14A85983DF}.Release|x64.ActiveCfg = Release|Any CPU
		{A30BA865-8F77-4FA9-B720-DD14A85983DF}.Release|x64.Build.0 = Release|Any CPU
		{A30BA865-8F77-4FA9-B720-DD14A85983DF}.Release|x86.ActiveCfg = Release|Any CPU
		{A30BA865-8F77-4FA9-B720-DD14A85983DF}.Release|x86.Build.0 = Release|Any CPU
		{D1111111-1111-1111-1111-111111111111}.Debug|Any CPU.ActiveCfg = Debug|Any CPU
		{D1111111-1111-1111-1111-111111111111}.Debug|Any CPU.Build.0 = Debug|Any CPU
		{D1111111-1111-1111-1111-111111111111}.Debug|x64.ActiveCfg = Debug|Any CPU
		{D1111111-1111-1111-1111-111111111111}.Debug|x64.Build.0 = Debug|Any CPU
		{D1111111-1111-1111-1111-111111111111}.Debug|x86.ActiveCfg = Debug|Any CPU
		{D1111111-1111-1111-1111-111111111111}.Debug|x86.Build.0 = Debug|Any CPU
		{D1111111-1111-1111-1111-111111111111}.Release|Any CPU.ActiveCfg = Release|Any CPU
		{D1111111-1111-1111-1111-111111111111}.Release|Any CPU.Build.0 = Release|Any CPU
		{D1111111-1111-1111-1111-111111111111}.Release|x64.ActiveCfg = Release|Any CPU
		{D1111111-1111-1111-1111-111111111111}.Release|x64.Build.0 = Release|Any CPU
		{D1111111-1111-1111-1111-111111111111}.Release|x86.ActiveCfg = Release|Any CPU
		{D1111111-1111-1111-1111-111111111111}.Release|x86.Build.0 = Release|Any CPU
		{A471599F-1F4F-4616-9979-9168076BACDD}.Debug|Any CPU.ActiveCfg = Debug|Any CPU
		{A471599F-1F4F-4616-9979-9168076BACDD}.Debug|Any CPU.Build.0 = Debug|Any CPU
		{A471599F-1F4F-4616-9979-9168076BACDD}.Debug|x64.ActiveCfg = Debug|Any CPU
		{A471599F-1F4F-4616-9979-9168076BACDD}.Debug|x64.Build.0 = Debug|Any CPU
		{A471599F-1F4F-4616-9979-9168076BACDD}.Debug|x86.ActiveCfg = Debug|Any CPU
		{A471599F-1F4F-4616-9979-9168076BACDD}.Debug|x86.Build.0 = Debug|Any CPU
		{A471599F-1F4F-4616-9979-9168076BACDD}.Release|Any CPU.ActiveCfg = Release|Any CPU
		{A471599F-1F4F-4616-9979-9168076BACDD}.Release|Any CPU.Build.0 = Release|Any CPU
		{A471599F-1F4F-4616-9979-9168076BACDD}.Release|x64.ActiveCfg = Release|Any CPU
		{A471599F-1F4F-4616-9979-9168076BACDD}.Release|x64.Build.0 = Release|Any CPU
		{A471599F-1F4F-4616-9979-9168076BACDD}.Release|x86.ActiveCfg = Release|Any CPU
		{A471599F-1F4F-4616-9979-9168076BACDD}.Release|x86.Build.0 = Release|Any CPU
		{826CE0D6-3602-4472-9198-CB7F89038FFF}.Debug|Any CPU.ActiveCfg = Debug|Any CPU
		{826CE0D6-3602-4472-9198-CB7F89038FFF}.Debug|Any CPU.Build.0 = Debug|Any CPU
		{826CE0D6-3602-4472-9198-CB7F89038FFF}.Debug|x64.ActiveCfg = Debug|Any CPU
		{826CE0D6-3602-4472-9198-CB7F89038FFF}.Debug|x64.Build.0 = Debug|Any CPU
		{826CE0D6-3602-4472-9198-CB7F89038FFF}.Debug|x86.ActiveCfg = Debug|Any CPU
		{826CE0D6-3602-4472-9198-CB7F89038FFF}.Debug|x86.Build.0 = Debug|Any CPU
		{826CE0D6-3602-4472-9198-CB7F89038FFF}.Release|Any CPU.ActiveCfg = Release|Any CPU
		{826CE0D6-3602-4472-9198-CB7F89038FFF}.Release|Any CPU.Build.0 = Release|Any CPU
		{826CE0D6-3602-4472-9198-CB7F89038FFF}.Release|x64.ActiveCfg = Release|Any CPU
		{826CE0D6-3602-4472-9198-CB7F89038FFF}.Release|x64.Build.0 = Release|Any CPU
		{826CE0D6-3602-4472-9198-CB7F89038FFF}.Release|x86.ActiveCfg = Release|Any CPU
		{826CE0D6-3602-4472-9198-CB7F89038FFF}.Release|x86.Build.0 = Release|Any CPU
		{F507B32B-1AE6-4EBE-944D-985DEB609FDC}.Debug|Any CPU.ActiveCfg = Debug|Any CPU
		{F507B32B-1AE6-4EBE-944D-985DEB609FDC}.Debug|Any CPU.Build.0 = Debug|Any CPU
		{F507B32B-1AE6-4EBE-944D-985DEB609FDC}.Debug|x64.ActiveCfg = Debug|Any CPU
		{F507B32B-1AE6-4EBE-944D-985DEB609FDC}.Debug|x64.Build.0 = Debug|Any CPU
		{F507B32B-1AE6-4EBE-944D-985DEB609FDC}.Debug|x86.ActiveCfg = Debug|Any CPU
		{F507B32B-1AE6-4EBE-944D-985DEB609FDC}.Debug|x86.Build.0 = Debug|Any CPU
		{F507B32B-1AE6-4EBE-944D-985DEB609FDC}.Release|Any CPU.ActiveCfg = Release|Any CPU
		{F507B32B-1AE6-4EBE-944D-985DEB609FDC}.Release|Any CPU.Build.0 = Release|Any CPU
		{F507B32B-1AE6-4EBE-944D-985DEB609FDC}.Release|x64.ActiveCfg = Release|Any CPU
		{F507B32B-1AE6-4EBE-944D-985DEB609FDC}.Release|x64.Build.0 = Release|Any CPU
		{F507B32B-1AE6-4EBE-944D-985DEB609FDC}.Release|x86.ActiveCfg = Release|Any CPU
		{F507B32B-1AE6-4EBE-944D-985DEB609FDC}.Release|x86.Build.0 = Release|Any CPU
	EndGlobalSection
	GlobalSection(SolutionProperties) = preSolution
		HideSolutionNode = FALSE
	EndGlobalSection
	GlobalSection(NestedProjects) = preSolution
		{A1111111-1111-1111-1111-111111111111} = {11111111-1111-1111-1111-111111111111}
		{A2222222-2222-2222-2222-222222222222} = {11111111-1111-1111-1111-111111111111}
		{A3333333-3333-3333-3333-333333333333} = {11111111-1111-1111-1111-111111111111}
		{A4444444-4444-4444-4444-444444444444} = {11111111-1111-1111-1111-111111111111}
		{A5555555-5555-5555-5555-555555555555} = {11111111-1111-1111-1111-111111111111}
		{A6666666-6666-6666-6666-666666666666} = {11111111-1111-1111-1111-111111111111}
		{A8888888-8888-8888-8888-888888888888} = {11111111-1111-1111-1111-111111111111}
		{A9999999-9999-9999-9999-999999999999} = {11111111-1111-1111-1111-111111111111}
		{AAAAAAAA-AAAA-AAAA-AAAA-AAAAAAAAAAAA} = {11111111-1111-1111-1111-111111111111}
		{DD87C8E0-8088-CCF9-EC90-12EB83BB46D3} = {11111111-1111-1111-1111-111111111111}
		{01520D01-F6C8-2A57-C68C-1257468D995A} = {11111111-1111-1111-1111-111111111111}
		{415EACB7-E024-13F5-001C-3B167CBD3EF8} = {11111111-1111-1111-1111-111111111111}
		{B1111111-1111-1111-1111-111111111111} = {22222222-2222-2222-2222-222222222222}
		{B2222222-2222-2222-2222-222222222222} = {22222222-2222-2222-2222-222222222222}
		{B3333333-3333-3333-3333-333333333333} = {22222222-2222-2222-2222-222222222222}
		{B4444444-4444-4444-4444-444444444444} = {22222222-2222-2222-2222-222222222222}
		{B5555555-5555-5555-5555-555555555555} = {22222222-2222-2222-2222-222222222222}
		{C1111111-1111-1111-1111-111111111111} = {33333333-3333-3333-3333-333333333333}
		{677410E6-83C9-42FA-AD32-35BE64534CC2} = {11111111-1111-1111-1111-111111111111}
		{7653235D-2737-46C7-A89E-F4F052FB293C} = {11111111-1111-1111-1111-111111111111}
		{485D2114-EBA0-46B3-883F-A82D6457B3DA} = {11111111-1111-1111-1111-111111111111}
		{A30BA865-8F77-4FA9-B720-DD14A85983DF} = {B36A84DF-456D-A817-6EDD-3EC3E7F6E11F}
		{D1111111-1111-1111-1111-111111111111} = {44444444-4444-4444-4444-444444444444}
		{A471599F-1F4F-4616-9979-9168076BACDD} = {760AB15A-8938-8D9B-BEDE-5CE1484B84C3}
		{826CE0D6-3602-4472-9198-CB7F89038FFF} = {760AB15A-8938-8D9B-BEDE-5CE1484B84C3}
		{F507B32B-1AE6-4EBE-944D-985DEB609FDC} = {22222222-2222-2222-2222-222222222222}
	EndGlobalSection
EndGlobal
