<Solution>
  <Folder Name="/src/">
    <Project Path="src/SmallMind.Core/SmallMind.Core.csproj" />
    <Project Path="src/SmallMind.Transformers/SmallMind.Transformers.csproj" />
    <Project Path="src/SmallMind.Tokenizers/SmallMind.Tokenizers.csproj" />
    <Project Path="src/SmallMind.Runtime/SmallMind.Runtime.csproj" />
    <Project Path="src/SmallMind/SmallMind.csproj" />
    <Project Path="src/SmallMind.Console/SmallMind.Console.csproj" />
    <Project Path="src/SmallMind.Rag/SmallMind.Rag.csproj" />
    <Project Path="src/SmallMind.Quantization/SmallMind.Quantization.csproj" />
  </Folder>
  <Folder Name="/tests/">
    <Project Path="tests/SmallMind.Tests/SmallMind.Tests.csproj" />
    <Project Path="tests/SmallMind.Quantization.Tests/SmallMind.Quantization.Tests.csproj" />
  </Folder>
  <Folder Name="/samples/">
    <Project Path="samples/SmallMind.Rag.Cli/SmallMind.Rag.Cli.csproj" />
  </Folder>
</Solution>
